
Microsoft Visual Studio Solution File, Format Version 12.00
# Visual Studio Version 17
VisualStudioVersion = 17.1.32328.378
MinimumVisualStudioVersion = 10.0.40219.1
Project("{9A19103F-16F7-4668-BE54-9A1E7A4F7556}") = "Artela.Client", "src\Artela.Client\Artela.Client.csproj", "{4BF50BB5-2646-43E1-9A65-A4EEA5513583}"
EndProject
Project("{2150E333-8FDC-42A3-9474-1A3956D46DE8}") = "src", "src", "{12C55B14-05F1-4B7F-AD9D-BAD7BA37E34A}"
EndProject
Project("{FAE04EC0-301F-11D3-BF4B-00C04F79EFBC}") = "Artela.Server", "src\Artela.Server\Artela.Server.csproj", "{18FE2562-E43D-4E82-B0C2-F08C3842C684}"
EndProject
Global
	GlobalSection(SolutionConfigurationPlatforms) = preSolution
		Debug|Any CPU = Debug|Any CPU
		Release|Any CPU = Release|Any CPU
	EndGlobalSection
	GlobalSection(ProjectConfigurationPlatforms) = postSolution
		{4BF50BB5-2646-43E1-9A65-A4EEA5513583}.Debug|Any CPU.ActiveCfg = Debug|Any CPU
		{4BF50BB5-2646-43E1-9A65-A4EEA5513583}.Debug|Any CPU.Build.0 = Debug|Any CPU
		{4BF50BB5-2646-43E1-9A65-A4EEA5513583}.Release|Any CPU.ActiveCfg = Release|Any CPU
		{4BF50BB5-2646-43E1-9A65-A4EEA5513583}.Release|Any CPU.Build.0 = Release|Any CPU
		{18FE2562-E43D-4E82-B0C2-F08C3842C684}.Debug|Any CPU.ActiveCfg = Debug|Any CPU
		{18FE2562-E43D-4E82-B0C2-F08C3842C684}.Debug|Any CPU.Build.0 = Debug|Any CPU
		{18FE2562-E43D-4E82-B0C2-F08C3842C684}.Release|Any CPU.ActiveCfg = Release|Any CPU
		{18FE2562-E43D-4E82-B0C2-F08C3842C684}.Release|Any CPU.Build.0 = Release|Any CPU
	EndGlobalSection
	GlobalSection(SolutionProperties) = preSolution
		HideSolutionNode = FALSE
	EndGlobalSection
	GlobalSection(ExtensibilityGlobals) = postSolution
		SolutionGuid = {E03BE0FD-BC33-42B8-B8D4-DF6A4735FBC2}
	EndGlobalSection
	GlobalSection(NestedProjects) = preSolution
		{18FE2562-E43D-4E82-B0C2-F08C3842C684} = {12C55B14-05F1-4B7F-AD9D-BAD7BA37E34A}
	EndGlobalSection
EndGlobal
